
Microsoft Visual Studio Solution File, Format Version 12.00
# Visual Studio Version 17
VisualStudioVersion = 17.9.34714.143
MinimumVisualStudioVersion = 10.0.40219.1
Project("{2150E333-8FDC-42A3-9474-1A3956D46DE8}") = "01", "01", "{A97CDACE-6D1C-4CA8-B0A9-5753BF926A26}"
EndProject
Project("{9A19103F-16F7-4668-BE54-9A1E7A4F7556}") = "ConsoleApp01", "ConsoleApp01\ConsoleApp01.csproj", "{68A170D3-9D86-41F5-B261-CBAE2FF856D8}"
EndProject
Project("{2150E333-8FDC-42A3-9474-1A3956D46DE8}") = "02", "02", "{A9025046-CB10-4856-8703-B973E2C89BDE}"
EndProject
Project("{9A19103F-16F7-4668-BE54-9A1E7A4F7556}") = "ConsoleApp02", "ConsoleApp02\ConsoleApp02.csproj", "{BC49268C-CE93-431E-8A17-87FCBB796260}"
EndProject
Project("{2150E333-8FDC-42A3-9474-1A3956D46DE8}") = "03", "03", "{37BF4357-D1A2-4C2D-82C3-021F903DC298}"
EndProject
Project("{9A19103F-16F7-4668-BE54-9A1E7A4F7556}") = "ConsoleApp3", "ConsoleApp3\ConsoleApp3.csproj", "{A09EC499-C73E-45AE-9F9A-BC63CC86338E}"
EndProject
Project("{2150E333-8FDC-42A3-9474-1A3956D46DE8}") = "04", "04", "{72087795-F05A-463D-892F-0D97CF49C86E}"
EndProject
Project("{9A19103F-16F7-4668-BE54-9A1E7A4F7556}") = "ConsoleApp4", "ConsoleApp4\ConsoleApp4.csproj", "{6EE74D55-2000-4EC5-9BED-6A7E9E07DF2D}"
EndProject
Project("{2150E333-8FDC-42A3-9474-1A3956D46DE8}") = "05", "05", "{8DABCB36-4FB1-4EBF-B44B-DAA32B78D945}"
EndProject
Project("{9A19103F-16F7-4668-BE54-9A1E7A4F7556}") = "ConsoleApp5", "ConsoleApp5\ConsoleApp5.csproj", "{0038CD82-CC47-49A8-9E5A-8DD50C10771A}"
EndProject
Project("{2150E333-8FDC-42A3-9474-1A3956D46DE8}") = "06", "06", "{B541F424-7C5F-440B-8530-C4FF6AA19865}"
EndProject
Project("{9A19103F-16F7-4668-BE54-9A1E7A4F7556}") = "ConsoleApp6", "ConsoleApp6\ConsoleApp6.csproj", "{A381D95B-FA7B-4EE7-91E0-78B5033BAFBD}"
EndProject
Project("{2150E333-8FDC-42A3-9474-1A3956D46DE8}") = "07", "07", "{65CE70C4-7C87-4197-9072-8CD02A0A53BF}"
EndProject
Project("{9A19103F-16F7-4668-BE54-9A1E7A4F7556}") = "ConsoleApp7", "ConsoleApp7\ConsoleApp7.csproj", "{D14621C3-E37D-4122-BE67-43A70933A530}"
EndProject
Project("{2150E333-8FDC-42A3-9474-1A3956D46DE8}") = "NewFolder1", "NewFolder1", "{21372F46-EBBF-484E-BA37-2435B0C4B2CD}"
EndProject
Global
	GlobalSection(SolutionConfigurationPlatforms) = preSolution
		Debug|Any CPU = Debug|Any CPU
		Release|Any CPU = Release|Any CPU
	EndGlobalSection
	GlobalSection(ProjectConfigurationPlatforms) = postSolution
		{68A170D3-9D86-41F5-B261-CBAE2FF856D8}.Debug|Any CPU.ActiveCfg = Debug|Any CPU
		{68A170D3-9D86-41F5-B261-CBAE2FF856D8}.Debug|Any CPU.Build.0 = Debug|Any CPU
		{68A170D3-9D86-41F5-B261-CBAE2FF856D8}.Release|Any CPU.ActiveCfg = Release|Any CPU
		{68A170D3-9D86-41F5-B261-CBAE2FF856D8}.Release|Any CPU.Build.0 = Release|Any CPU
		{BC49268C-CE93-431E-8A17-87FCBB796260}.Debug|Any CPU.ActiveCfg = Debug|Any CPU
		{BC49268C-CE93-431E-8A17-87FCBB796260}.Debug|Any CPU.Build.0 = Debug|Any CPU
		{BC49268C-CE93-431E-8A17-87FCBB796260}.Release|Any CPU.ActiveCfg = Release|Any CPU
		{BC49268C-CE93-431E-8A17-87FCBB796260}.Release|Any CPU.Build.0 = Release|Any CPU
		{A09EC499-C73E-45AE-9F9A-BC63CC86338E}.Debug|Any CPU.ActiveCfg = Debug|Any CPU
		{A09EC499-C73E-45AE-9F9A-BC63CC86338E}.Debug|Any CPU.Build.0 = Debug|Any CPU
		{A09EC499-C73E-45AE-9F9A-BC63CC86338E}.Release|Any CPU.ActiveCfg = Release|Any CPU
		{A09EC499-C73E-45AE-9F9A-BC63CC86338E}.Release|Any CPU.Build.0 = Release|Any CPU
		{6EE74D55-2000-4EC5-9BED-6A7E9E07DF2D}.Debug|Any CPU.ActiveCfg = Debug|Any CPU
		{6EE74D55-2000-4EC5-9BED-6A7E9E07DF2D}.Debug|Any CPU.Build.0 = Debug|Any CPU
		{6EE74D55-2000-4EC5-9BED-6A7E9E07DF2D}.Release|Any CPU.ActiveCfg = Release|Any CPU
		{6EE74D55-2000-4EC5-9BED-6A7E9E07DF2D}.Release|Any CPU.Build.0 = Release|Any CPU
		{0038CD82-CC47-49A8-9E5A-8DD50C10771A}.Debug|Any CPU.ActiveCfg = Debug|Any CPU
		{0038CD82-CC47-49A8-9E5A-8DD50C10771A}.Debug|Any CPU.Build.0 = Debug|Any CPU
		{0038CD82-CC47-49A8-9E5A-8DD50C10771A}.Release|Any CPU.ActiveCfg = Release|Any CPU
		{0038CD82-CC47-49A8-9E5A-8DD50C10771A}.Release|Any CPU.Build.0 = Release|Any CPU
		{A381D95B-FA7B-4EE7-91E0-78B5033BAFBD}.Debug|Any CPU.ActiveCfg = Debug|Any CPU
		{A381D95B-FA7B-4EE7-91E0-78B5033BAFBD}.Debug|Any CPU.Build.0 = Debug|Any CPU
		{A381D95B-FA7B-4EE7-91E0-78B5033BAFBD}.Release|Any CPU.ActiveCfg = Release|Any CPU
		{A381D95B-FA7B-4EE7-91E0-78B5033BAFBD}.Release|Any CPU.Build.0 = Release|Any CPU
		{D14621C3-E37D-4122-BE67-43A70933A530}.Debug|Any CPU.ActiveCfg = Debug|Any CPU
		{D14621C3-E37D-4122-BE67-43A70933A530}.Debug|Any CPU.Build.0 = Debug|Any CPU
		{D14621C3-E37D-4122-BE67-43A70933A530}.Release|Any CPU.ActiveCfg = Release|Any CPU
		{D14621C3-E37D-4122-BE67-43A70933A530}.Release|Any CPU.Build.0 = Release|Any CPU
	EndGlobalSection
	GlobalSection(SolutionProperties) = preSolution
		HideSolutionNode = FALSE
	EndGlobalSection
	GlobalSection(NestedProjects) = preSolution
		{68A170D3-9D86-41F5-B261-CBAE2FF856D8} = {A97CDACE-6D1C-4CA8-B0A9-5753BF926A26}
		{BC49268C-CE93-431E-8A17-87FCBB796260} = {A9025046-CB10-4856-8703-B973E2C89BDE}
		{A09EC499-C73E-45AE-9F9A-BC63CC86338E} = {37BF4357-D1A2-4C2D-82C3-021F903DC298}
		{6EE74D55-2000-4EC5-9BED-6A7E9E07DF2D} = {72087795-F05A-463D-892F-0D97CF49C86E}
		{0038CD82-CC47-49A8-9E5A-8DD50C10771A} = {8DABCB36-4FB1-4EBF-B44B-DAA32B78D945}
		{A381D95B-FA7B-4EE7-91E0-78B5033BAFBD} = {B541F424-7C5F-440B-8530-C4FF6AA19865}
	EndGlobalSection
	GlobalSection(ExtensibilityGlobals) = postSolution
		SolutionGuid = {22E11CC7-A6D7-41AC-A56D-0AFD20DA2C14}
	EndGlobalSection
EndGlobal
